{
    "requires": true,
    "lockfileVersion": 1,
    "dependencies": {
        "vue-csrf": {
            "version": "1.1.0",
            "resolved": "https://registry.npmjs.org/vue-csrf/-/vue-csrf-1.1.0.tgz",
            "integrity": "sha512-pHFUqfZRj65463FHY0XSdZ9eZk8snsJ9TM/Y74eKYoLIJpA2kYOJ2n0wJ/kmPf0ppMU/Euu35Tr3KB+nn3MHMA=="
        }
    }
}
